
Microsoft Visual Studio Solution File, Format Version 12.00
# Visual Studio Version 17
VisualStudioVersion = 17.9.34622.214
MinimumVisualStudioVersion = 10.0.40219.1
Project("{9A19103F-16F7-4668-BE54-9A1E7A4F7556}") = "AppFinanceiro", "AppFinanceiro\AppFinanceiro.csproj", "{A895875B-EA7C-4E62-8C4C-8ADFF6F9F5A5}"
EndProject
Project("{9A19103F-16F7-4668-BE54-9A1E7A4F7556}") = "AppFinanceiro.Core", "AppFinanceiro.Core\AppFinanceiro.Core.csproj", "{6750B954-DE34-48C7-8368-E42D904374C5}"
EndProject
Project("{9A19103F-16F7-4668-BE54-9A1E7A4F7556}") = "AppFinanceiro.Dal", "AppFinanceiro.Dal\AppFinanceiro.Dal.csproj", "{461CA8C6-C3BD-4918-96AC-8BF52722820A}"
EndProject
Project("{9A19103F-16F7-4668-BE54-9A1E7A4F7556}") = "AppFinanceiro.Application", "AppFinanceiro.Application\AppFinanceiro.Application.csproj", "{5312DD7F-E65F-428E-8358-524FB435B369}"
EndProject
Global
	GlobalSection(SolutionConfigurationPlatforms) = preSolution
		Debug|Any CPU = Debug|Any CPU
		Release|Any CPU = Release|Any CPU
	EndGlobalSection
	GlobalSection(ProjectConfigurationPlatforms) = postSolution
		{A895875B-EA7C-4E62-8C4C-8ADFF6F9F5A5}.Debug|Any CPU.ActiveCfg = Debug|Any CPU
		{A895875B-EA7C-4E62-8C4C-8ADFF6F9F5A5}.Debug|Any CPU.Build.0 = Debug|Any CPU
		{A895875B-EA7C-4E62-8C4C-8ADFF6F9F5A5}.Debug|Any CPU.Deploy.0 = Debug|Any CPU
		{A895875B-EA7C-4E62-8C4C-8ADFF6F9F5A5}.Release|Any CPU.ActiveCfg = Release|Any CPU
		{A895875B-EA7C-4E62-8C4C-8ADFF6F9F5A5}.Release|Any CPU.Build.0 = Release|Any CPU
		{A895875B-EA7C-4E62-8C4C-8ADFF6F9F5A5}.Release|Any CPU.Deploy.0 = Release|Any CPU
		{6750B954-DE34-48C7-8368-E42D904374C5}.Debug|Any CPU.ActiveCfg = Debug|Any CPU
		{6750B954-DE34-48C7-8368-E42D904374C5}.Debug|Any CPU.Build.0 = Debug|Any CPU
		{6750B954-DE34-48C7-8368-E42D904374C5}.Release|Any CPU.ActiveCfg = Release|Any CPU
		{6750B954-DE34-48C7-8368-E42D904374C5}.Release|Any CPU.Build.0 = Release|Any CPU
		{461CA8C6-C3BD-4918-96AC-8BF52722820A}.Debug|Any CPU.ActiveCfg = Debug|Any CPU
		{461CA8C6-C3BD-4918-96AC-8BF52722820A}.Debug|Any CPU.Build.0 = Debug|Any CPU
		{461CA8C6-C3BD-4918-96AC-8BF52722820A}.Release|Any CPU.ActiveCfg = Release|Any CPU
		{461CA8C6-C3BD-4918-96AC-8BF52722820A}.Release|Any CPU.Build.0 = Release|Any CPU
		{5312DD7F-E65F-428E-8358-524FB435B369}.Debug|Any CPU.ActiveCfg = Debug|Any CPU
		{5312DD7F-E65F-428E-8358-524FB435B369}.Debug|Any CPU.Build.0 = Debug|Any CPU
		{5312DD7F-E65F-428E-8358-524FB435B369}.Release|Any CPU.ActiveCfg = Release|Any CPU
		{5312DD7F-E65F-428E-8358-524FB435B369}.Release|Any CPU.Build.0 = Release|Any CPU
	EndGlobalSection
	GlobalSection(SolutionProperties) = preSolution
		HideSolutionNode = FALSE
	EndGlobalSection
	GlobalSection(ExtensibilityGlobals) = postSolution
		SolutionGuid = {CA8721AF-1D52-484D-9E16-D111CF4B5727}
	EndGlobalSection
EndGlobal
